
Microsoft Visual Studio Solution File, Format Version 12.00
# Visual Studio Version 17
VisualStudioVersion = 17.8.34330.188
MinimumVisualStudioVersion = 10.0.40219.1
Project("{FAE04EC0-301F-11D3-BF4B-00C04F79EFBC}") = "LanchesThi", "LanchesThi\LanchesThi.csproj", "{6BE1B531-C447-44DE-9950-0F2875A4F12B}"
EndProject
Global
	GlobalSection(SolutionConfigurationPlatforms) = preSolution
		Debug|Any CPU = Debug|Any CPU
		Release|Any CPU = Release|Any CPU
	EndGlobalSection
	GlobalSection(ProjectConfigurationPlatforms) = postSolution
		{6BE1B531-C447-44DE-9950-0F2875A4F12B}.Debug|Any CPU.ActiveCfg = Debug|Any CPU
		{6BE1B531-C447-44DE-9950-0F2875A4F12B}.Debug|Any CPU.Build.0 = Debug|Any CPU
		{6BE1B531-C447-44DE-9950-0F2875A4F12B}.Release|Any CPU.ActiveCfg = Release|Any CPU
		{6BE1B531-C447-44DE-9950-0F2875A4F12B}.Release|Any CPU.Build.0 = Release|Any CPU
	EndGlobalSection
	GlobalSection(SolutionProperties) = preSolution
		HideSolutionNode = FALSE
	EndGlobalSection
	GlobalSection(ExtensibilityGlobals) = postSolution
		SolutionGuid = {C5235102-E37D-4DD9-9F27-2A6FB446BDAE}
	EndGlobalSection
EndGlobal
